
Microsoft Visual Studio Solution File, Format Version 12.00
# Visual Studio Version 17
VisualStudioVersion = 17.9.34728.123
MinimumVisualStudioVersion = 10.0.40219.1
Project("{2150E333-8FDC-42A3-9474-1A3956D46DE8}") = "Microservices", "Microservices", "{B7086060-0600-45E9-8915-05289B3AFE8B}"
EndProject
Project("{2150E333-8FDC-42A3-9474-1A3956D46DE8}") = "Domain", "Domain", "{6F897121-339B-461E-9CBB-30D47E73F5C8}"
EndProject
Project("{2150E333-8FDC-42A3-9474-1A3956D46DE8}") = "Infra.Bus", "Infra.Bus", "{8F92514A-A3AE-4877-9072-A8D4D7A28043}"
EndProject
Project("{2150E333-8FDC-42A3-9474-1A3956D46DE8}") = "Infra.IoC", "Infra.IoC", "{1980438B-A7A2-4143-961A-3805AAC61FEF}"
EndProject
Project("{2150E333-8FDC-42A3-9474-1A3956D46DE8}") = "Presentation", "Presentation", "{8AFD62AB-22B4-4B16-BA0F-274F08027222}"
EndProject
Project("{9A19103F-16F7-4668-BE54-9A1E7A4F7556}") = "MicroRabbit.Domain.Core", "MicroRabbit.Domain.Core\MicroRabbit.Domain.Core.csproj", "{D18DF928-0797-4AD5-9195-EA34A2EEDB16}"
EndProject
Project("{9A19103F-16F7-4668-BE54-9A1E7A4F7556}") = "MicroRabbit.Infra.Bus", "MicroRabbit.Infra.Bus\MicroRabbit.Infra.Bus.csproj", "{D21D00FF-0859-484F-AD5E-8BF490B3012B}"
EndProject
Project("{9A19103F-16F7-4668-BE54-9A1E7A4F7556}") = "MicroRabbit.Infra.IoC", "MicroRabbit.Infra.IoC\MicroRabbit.Infra.IoC.csproj", "{2B6C427F-EADB-4375-A049-EED71222E962}"
EndProject
Project("{2150E333-8FDC-42A3-9474-1A3956D46DE8}") = "Banking", "Banking", "{B50A8AB4-9E13-45FE-8FC5-5CB392239EA0}"
EndProject
Project("{2150E333-8FDC-42A3-9474-1A3956D46DE8}") = "API", "API", "{19FE34C0-5768-4495-B5FD-8FD16B700EF1}"
EndProject
Project("{2150E333-8FDC-42A3-9474-1A3956D46DE8}") = "Domain", "Domain", "{4A173C92-5C33-4E7E-B272-1C873B13A800}"
EndProject
Project("{2150E333-8FDC-42A3-9474-1A3956D46DE8}") = "Application", "Application", "{D79CF338-7899-4625-B0D9-A04D3DF1677F}"
EndProject
Project("{2150E333-8FDC-42A3-9474-1A3956D46DE8}") = "Data", "Data", "{ADDDB1AD-207F-4D16-9280-B5E10B95CE4D}"
EndProject
Project("{9A19103F-16F7-4668-BE54-9A1E7A4F7556}") = "MicroRabbit.Banking.API", "MicroRabbit.Banking.API\MicroRabbit.Banking.API.csproj", "{61BFBC1A-F74D-4F43-9E4B-15B1E508FF06}"
EndProject
Project("{9A19103F-16F7-4668-BE54-9A1E7A4F7556}") = "MicroRabbit.Banking.Application", "MicroRabbit.Banking.Application\MicroRabbit.Banking.Application.csproj", "{19409A25-6036-4A01-B18A-CCF57EFD095F}"
EndProject
Project("{9A19103F-16F7-4668-BE54-9A1E7A4F7556}") = "MicroRabbit.Banking.Data", "MicroRabbit.Banking.Data\MicroRabbit.Banking.Data.csproj", "{DB959C20-06F2-44C6-B819-57DDB92ED7E2}"
EndProject
Project("{9A19103F-16F7-4668-BE54-9A1E7A4F7556}") = "MicroRabbit.Banking.Domain", "MicroRabbit.Banking.Domain\MicroRabbit.Banking.Domain.csproj", "{215F1A24-5BC3-4119-B306-A62D1F319528}"
EndProject
Project("{2150E333-8FDC-42A3-9474-1A3956D46DE8}") = "Transfer", "Transfer", "{BCB9B37A-AB9A-4C60-ACBB-A615FDD09DA3}"
EndProject
Project("{2150E333-8FDC-42A3-9474-1A3956D46DE8}") = "API", "API", "{B53EDD7C-A5EF-40B1-AD31-6AFE28FEF62B}"
EndProject
Project("{2150E333-8FDC-42A3-9474-1A3956D46DE8}") = "Application", "Application", "{897E89A0-33F5-4573-8AAD-698B0942AF36}"
EndProject
Project("{2150E333-8FDC-42A3-9474-1A3956D46DE8}") = "Domain", "Domain", "{05A08551-0608-4FAE-98AD-45CB2C54221B}"
EndProject
Project("{2150E333-8FDC-42A3-9474-1A3956D46DE8}") = "Data", "Data", "{5B0A8985-3617-4763-92F2-5D2BB590742A}"
EndProject
Project("{FAE04EC0-301F-11D3-BF4B-00C04F79EFBC}") = "MicroRabbit.Transfer.API", "MicroRabbit.Transfer.API\MicroRabbit.Transfer.API.csproj", "{6E5FD45D-EFDD-46F5-AAE9-C42F3B98B461}"
EndProject
Project("{FAE04EC0-301F-11D3-BF4B-00C04F79EFBC}") = "MicroRabbit.Transfer.Application", "MicroRabbit.Transfer.Application\MicroRabbit.Transfer.Application.csproj", "{C9B67C14-60B7-4C8C-91CA-4E9778219AC8}"
EndProject
Project("{FAE04EC0-301F-11D3-BF4B-00C04F79EFBC}") = "MicroRabbit.Transfer.Data", "MicroRabbit.Transfer.Data\MicroRabbit.Transfer.Data.csproj", "{7BFD5732-0896-4EC2-A458-A5A7BC9D3977}"
EndProject
Project("{FAE04EC0-301F-11D3-BF4B-00C04F79EFBC}") = "MicroRabbit.Transfer.Domain", "MicroRabbit.Transfer.Domain\MicroRabbit.Transfer.Domain.csproj", "{9E2CC079-A92B-4742-9C98-1C846EB54A37}"
EndProject
Global
	GlobalSection(SolutionConfigurationPlatforms) = preSolution
		Debug|Any CPU = Debug|Any CPU
		Release|Any CPU = Release|Any CPU
	EndGlobalSection
	GlobalSection(ProjectConfigurationPlatforms) = postSolution
		{D18DF928-0797-4AD5-9195-EA34A2EEDB16}.Debug|Any CPU.ActiveCfg = Debug|Any CPU
		{D18DF928-0797-4AD5-9195-EA34A2EEDB16}.Debug|Any CPU.Build.0 = Debug|Any CPU
		{D18DF928-0797-4AD5-9195-EA34A2EEDB16}.Release|Any CPU.ActiveCfg = Release|Any CPU
		{D18DF928-0797-4AD5-9195-EA34A2EEDB16}.Release|Any CPU.Build.0 = Release|Any CPU
		{D21D00FF-0859-484F-AD5E-8BF490B3012B}.Debug|Any CPU.ActiveCfg = Debug|Any CPU
		{D21D00FF-0859-484F-AD5E-8BF490B3012B}.Debug|Any CPU.Build.0 = Debug|Any CPU
		{D21D00FF-0859-484F-AD5E-8BF490B3012B}.Release|Any CPU.ActiveCfg = Release|Any CPU
		{D21D00FF-0859-484F-AD5E-8BF490B3012B}.Release|Any CPU.Build.0 = Release|Any CPU
		{2B6C427F-EADB-4375-A049-EED71222E962}.Debug|Any CPU.ActiveCfg = Debug|Any CPU
		{2B6C427F-EADB-4375-A049-EED71222E962}.Debug|Any CPU.Build.0 = Debug|Any CPU
		{2B6C427F-EADB-4375-A049-EED71222E962}.Release|Any CPU.ActiveCfg = Release|Any CPU
		{2B6C427F-EADB-4375-A049-EED71222E962}.Release|Any CPU.Build.0 = Release|Any CPU
		{61BFBC1A-F74D-4F43-9E4B-15B1E508FF06}.Debug|Any CPU.ActiveCfg = Debug|Any CPU
		{61BFBC1A-F74D-4F43-9E4B-15B1E508FF06}.Debug|Any CPU.Build.0 = Debug|Any CPU
		{61BFBC1A-F74D-4F43-9E4B-15B1E508FF06}.Release|Any CPU.ActiveCfg = Release|Any CPU
		{61BFBC1A-F74D-4F43-9E4B-15B1E508FF06}.Release|Any CPU.Build.0 = Release|Any CPU
		{19409A25-6036-4A01-B18A-CCF57EFD095F}.Debug|Any CPU.ActiveCfg = Debug|Any CPU
		{19409A25-6036-4A01-B18A-CCF57EFD095F}.Debug|Any CPU.Build.0 = Debug|Any CPU
		{19409A25-6036-4A01-B18A-CCF57EFD095F}.Release|Any CPU.ActiveCfg = Release|Any CPU
		{19409A25-6036-4A01-B18A-CCF57EFD095F}.Release|Any CPU.Build.0 = Release|Any CPU
		{DB959C20-06F2-44C6-B819-57DDB92ED7E2}.Debug|Any CPU.ActiveCfg = Debug|Any CPU
		{DB959C20-06F2-44C6-B819-57DDB92ED7E2}.Debug|Any CPU.Build.0 = Debug|Any CPU
		{DB959C20-06F2-44C6-B819-57DDB92ED7E2}.Release|Any CPU.ActiveCfg = Release|Any CPU
		{DB959C20-06F2-44C6-B819-57DDB92ED7E2}.Release|Any CPU.Build.0 = Release|Any CPU
		{215F1A24-5BC3-4119-B306-A62D1F319528}.Debug|Any CPU.ActiveCfg = Debug|Any CPU
		{215F1A24-5BC3-4119-B306-A62D1F319528}.Debug|Any CPU.Build.0 = Debug|Any CPU
		{215F1A24-5BC3-4119-B306-A62D1F319528}.Release|Any CPU.ActiveCfg = Release|Any CPU
		{215F1A24-5BC3-4119-B306-A62D1F319528}.Release|Any CPU.Build.0 = Release|Any CPU
		{6E5FD45D-EFDD-46F5-AAE9-C42F3B98B461}.Debug|Any CPU.ActiveCfg = Debug|Any CPU
		{6E5FD45D-EFDD-46F5-AAE9-C42F3B98B461}.Debug|Any CPU.Build.0 = Debug|Any CPU
		{6E5FD45D-EFDD-46F5-AAE9-C42F3B98B461}.Release|Any CPU.ActiveCfg = Release|Any CPU
		{6E5FD45D-EFDD-46F5-AAE9-C42F3B98B461}.Release|Any CPU.Build.0 = Release|Any CPU
		{C9B67C14-60B7-4C8C-91CA-4E9778219AC8}.Debug|Any CPU.ActiveCfg = Debug|Any CPU
		{C9B67C14-60B7-4C8C-91CA-4E9778219AC8}.Debug|Any CPU.Build.0 = Debug|Any CPU
		{C9B67C14-60B7-4C8C-91CA-4E9778219AC8}.Release|Any CPU.ActiveCfg = Release|Any CPU
		{C9B67C14-60B7-4C8C-91CA-4E9778219AC8}.Release|Any CPU.Build.0 = Release|Any CPU
		{7BFD5732-0896-4EC2-A458-A5A7BC9D3977}.Debug|Any CPU.ActiveCfg = Debug|Any CPU
		{7BFD5732-0896-4EC2-A458-A5A7BC9D3977}.Debug|Any CPU.Build.0 = Debug|Any CPU
		{7BFD5732-0896-4EC2-A458-A5A7BC9D3977}.Release|Any CPU.ActiveCfg = Release|Any CPU
		{7BFD5732-0896-4EC2-A458-A5A7BC9D3977}.Release|Any CPU.Build.0 = Release|Any CPU
		{9E2CC079-A92B-4742-9C98-1C846EB54A37}.Debug|Any CPU.ActiveCfg = Debug|Any CPU
		{9E2CC079-A92B-4742-9C98-1C846EB54A37}.Debug|Any CPU.Build.0 = Debug|Any CPU
		{9E2CC079-A92B-4742-9C98-1C846EB54A37}.Release|Any CPU.ActiveCfg = Release|Any CPU
		{9E2CC079-A92B-4742-9C98-1C846EB54A37}.Release|Any CPU.Build.0 = Release|Any CPU
	EndGlobalSection
	GlobalSection(SolutionProperties) = preSolution
		HideSolutionNode = FALSE
	EndGlobalSection
	GlobalSection(NestedProjects) = preSolution
		{D18DF928-0797-4AD5-9195-EA34A2EEDB16} = {6F897121-339B-461E-9CBB-30D47E73F5C8}
		{D21D00FF-0859-484F-AD5E-8BF490B3012B} = {8F92514A-A3AE-4877-9072-A8D4D7A28043}
		{2B6C427F-EADB-4375-A049-EED71222E962} = {1980438B-A7A2-4143-961A-3805AAC61FEF}
		{B50A8AB4-9E13-45FE-8FC5-5CB392239EA0} = {B7086060-0600-45E9-8915-05289B3AFE8B}
		{19FE34C0-5768-4495-B5FD-8FD16B700EF1} = {B50A8AB4-9E13-45FE-8FC5-5CB392239EA0}
		{4A173C92-5C33-4E7E-B272-1C873B13A800} = {B50A8AB4-9E13-45FE-8FC5-5CB392239EA0}
		{D79CF338-7899-4625-B0D9-A04D3DF1677F} = {B50A8AB4-9E13-45FE-8FC5-5CB392239EA0}
		{ADDDB1AD-207F-4D16-9280-B5E10B95CE4D} = {B50A8AB4-9E13-45FE-8FC5-5CB392239EA0}
		{61BFBC1A-F74D-4F43-9E4B-15B1E508FF06} = {19FE34C0-5768-4495-B5FD-8FD16B700EF1}
		{19409A25-6036-4A01-B18A-CCF57EFD095F} = {D79CF338-7899-4625-B0D9-A04D3DF1677F}
		{DB959C20-06F2-44C6-B819-57DDB92ED7E2} = {ADDDB1AD-207F-4D16-9280-B5E10B95CE4D}
		{215F1A24-5BC3-4119-B306-A62D1F319528} = {4A173C92-5C33-4E7E-B272-1C873B13A800}
		{BCB9B37A-AB9A-4C60-ACBB-A615FDD09DA3} = {B7086060-0600-45E9-8915-05289B3AFE8B}
		{B53EDD7C-A5EF-40B1-AD31-6AFE28FEF62B} = {BCB9B37A-AB9A-4C60-ACBB-A615FDD09DA3}
		{897E89A0-33F5-4573-8AAD-698B0942AF36} = {BCB9B37A-AB9A-4C60-ACBB-A615FDD09DA3}
		{05A08551-0608-4FAE-98AD-45CB2C54221B} = {BCB9B37A-AB9A-4C60-ACBB-A615FDD09DA3}
		{5B0A8985-3617-4763-92F2-5D2BB590742A} = {BCB9B37A-AB9A-4C60-ACBB-A615FDD09DA3}
		{6E5FD45D-EFDD-46F5-AAE9-C42F3B98B461} = {B53EDD7C-A5EF-40B1-AD31-6AFE28FEF62B}
		{C9B67C14-60B7-4C8C-91CA-4E9778219AC8} = {897E89A0-33F5-4573-8AAD-698B0942AF36}
		{7BFD5732-0896-4EC2-A458-A5A7BC9D3977} = {5B0A8985-3617-4763-92F2-5D2BB590742A}
		{9E2CC079-A92B-4742-9C98-1C846EB54A37} = {05A08551-0608-4FAE-98AD-45CB2C54221B}
	EndGlobalSection
	GlobalSection(ExtensibilityGlobals) = postSolution
		SolutionGuid = {7D5EE13A-9F9F-4F1F-B04D-D1BB4F68C1FB}
	EndGlobalSection
EndGlobal
